
Microsoft Visual Studio Solution File, Format Version 12.00
# Visual Studio Version 17
VisualStudioVersion = 17.9.34622.214
MinimumVisualStudioVersion = 10.0.40219.1
Project("{9A19103F-16F7-4668-BE54-9A1E7A4F7556}") = "Demo05", "Demo05.csproj", "{5CADCA48-3012-4882-B835-838D26534B4A}"
EndProject
Global
	GlobalSection(SolutionConfigurationPlatforms) = preSolution
		Debug|Any CPU = Debug|Any CPU
		Release|Any CPU = Release|Any CPU
	EndGlobalSection
	GlobalSection(ProjectConfigurationPlatforms) = postSolution
		{5CADCA48-3012-4882-B835-838D26534B4A}.Debug|Any CPU.ActiveCfg = Debug|Any CPU
		{5CADCA48-3012-4882-B835-838D26534B4A}.Debug|Any CPU.Build.0 = Debug|Any CPU
		{5CADCA48-3012-4882-B835-838D26534B4A}.Release|Any CPU.ActiveCfg = Release|Any CPU
		{5CADCA48-3012-4882-B835-838D26534B4A}.Release|Any CPU.Build.0 = Release|Any CPU
	EndGlobalSection
	GlobalSection(SolutionProperties) = preSolution
		HideSolutionNode = FALSE
	EndGlobalSection
	GlobalSection(ExtensibilityGlobals) = postSolution
		SolutionGuid = {56283D05-5AAD-4DE9-8CCA-D8059D1D12DB}
	EndGlobalSection
EndGlobal
