
Microsoft Visual Studio Solution File, Format Version 12.00
# Visual Studio Version 17
VisualStudioVersion = 17.9.34622.214
MinimumVisualStudioVersion = 10.0.40219.1
Project("{9A19103F-16F7-4668-BE54-9A1E7A4F7556}") = "Demo04", "Demo04.csproj", "{9AA9BC84-8153-4C94-9A8D-7E7293556089}"
EndProject
Global
	GlobalSection(SolutionConfigurationPlatforms) = preSolution
		Debug|Any CPU = Debug|Any CPU
		Release|Any CPU = Release|Any CPU
	EndGlobalSection
	GlobalSection(ProjectConfigurationPlatforms) = postSolution
		{9AA9BC84-8153-4C94-9A8D-7E7293556089}.Debug|Any CPU.ActiveCfg = Debug|Any CPU
		{9AA9BC84-8153-4C94-9A8D-7E7293556089}.Debug|Any CPU.Build.0 = Debug|Any CPU
		{9AA9BC84-8153-4C94-9A8D-7E7293556089}.Release|Any CPU.ActiveCfg = Release|Any CPU
		{9AA9BC84-8153-4C94-9A8D-7E7293556089}.Release|Any CPU.Build.0 = Release|Any CPU
	EndGlobalSection
	GlobalSection(SolutionProperties) = preSolution
		HideSolutionNode = FALSE
	EndGlobalSection
	GlobalSection(ExtensibilityGlobals) = postSolution
		SolutionGuid = {FE99FE86-5C7E-43A8-8279-4F93D5E26B08}
	EndGlobalSection
EndGlobal
